
Microsoft Visual Studio Solution File, Format Version 12.00
# Visual Studio Version 17
VisualStudioVersion = 17.3.32825.248
MinimumVisualStudioVersion = 10.0.40219.1
Project("{9A19103F-16F7-4668-BE54-9A1E7A4F7556}") = "z1", "Exercise 6 (Day7)\z1.csproj", "{203E918F-EFE3-4904-A9C6-A6F3A68B0A78}"
EndProject
Project("{FAE04EC0-301F-11D3-BF4B-00C04F79EFBC}") = "z2", "z2\z2.csproj", "{B2F7861C-A2F1-4090-9CFA-DE5AE1B218F0}"
EndProject
Project("{FAE04EC0-301F-11D3-BF4B-00C04F79EFBC}") = "z4", "z4\z4.csproj", "{8117BFFA-34B1-41E1-8E23-81B6A48A220A}"
EndProject
Project("{FAE04EC0-301F-11D3-BF4B-00C04F79EFBC}") = "z3", "z3\z3.csproj", "{5F7C6AC4-2BFA-4BB2-B741-19BDFD53B4D0}"
EndProject
Global
	GlobalSection(SolutionConfigurationPlatforms) = preSolution
		Debug|Any CPU = Debug|Any CPU
		Release|Any CPU = Release|Any CPU
	EndGlobalSection
	GlobalSection(ProjectConfigurationPlatforms) = postSolution
		{203E918F-EFE3-4904-A9C6-A6F3A68B0A78}.Debug|Any CPU.ActiveCfg = Debug|Any CPU
		{203E918F-EFE3-4904-A9C6-A6F3A68B0A78}.Debug|Any CPU.Build.0 = Debug|Any CPU
		{203E918F-EFE3-4904-A9C6-A6F3A68B0A78}.Release|Any CPU.ActiveCfg = Release|Any CPU
		{203E918F-EFE3-4904-A9C6-A6F3A68B0A78}.Release|Any CPU.Build.0 = Release|Any CPU
		{B2F7861C-A2F1-4090-9CFA-DE5AE1B218F0}.Debug|Any CPU.ActiveCfg = Debug|Any CPU
		{B2F7861C-A2F1-4090-9CFA-DE5AE1B218F0}.Debug|Any CPU.Build.0 = Debug|Any CPU
		{B2F7861C-A2F1-4090-9CFA-DE5AE1B218F0}.Release|Any CPU.ActiveCfg = Release|Any CPU
		{B2F7861C-A2F1-4090-9CFA-DE5AE1B218F0}.Release|Any CPU.Build.0 = Release|Any CPU
		{8117BFFA-34B1-41E1-8E23-81B6A48A220A}.Debug|Any CPU.ActiveCfg = Debug|Any CPU
		{8117BFFA-34B1-41E1-8E23-81B6A48A220A}.Debug|Any CPU.Build.0 = Debug|Any CPU
		{8117BFFA-34B1-41E1-8E23-81B6A48A220A}.Release|Any CPU.ActiveCfg = Release|Any CPU
		{8117BFFA-34B1-41E1-8E23-81B6A48A220A}.Release|Any CPU.Build.0 = Release|Any CPU
		{5F7C6AC4-2BFA-4BB2-B741-19BDFD53B4D0}.Debug|Any CPU.ActiveCfg = Debug|Any CPU
		{5F7C6AC4-2BFA-4BB2-B741-19BDFD53B4D0}.Debug|Any CPU.Build.0 = Debug|Any CPU
		{5F7C6AC4-2BFA-4BB2-B741-19BDFD53B4D0}.Release|Any CPU.ActiveCfg = Release|Any CPU
		{5F7C6AC4-2BFA-4BB2-B741-19BDFD53B4D0}.Release|Any CPU.Build.0 = Release|Any CPU
	EndGlobalSection
	GlobalSection(SolutionProperties) = preSolution
		HideSolutionNode = FALSE
	EndGlobalSection
	GlobalSection(ExtensibilityGlobals) = postSolution
		SolutionGuid = {4F4A4FE2-1BA2-4EED-A3E7-133E8D6FA3F7}
	EndGlobalSection
EndGlobal
